{
  "nodes": {
    "flakeNimbleLib": {
      "inputs": {
        "nixpkgs": [
          "nixpkgs"
        ]
      },
      "locked": {
        "lastModified": 1662018438,
        "narHash": "sha256-QtNtU6+LX3Wokxf0zlFwKTFOcn6TeDjKQZ+DA9OYtvM=",
        "owner": "riinr",
        "repo": "nim-flakes-lib",
        "rev": "b1fe8340736e3a85d25c709ac3dfd82a55c03cbf",
        "type": "github"
      },
      "original": {
        "owner": "riinr",
        "ref": "master",
        "repo": "nim-flakes-lib",
        "type": "github"
      }
    },
    "getch-master": {
      "inputs": {
        "flakeNimbleLib": [
          "flakeNimbleLib"
        ],
        "nixpkgs": [
          "nixpkgs"
        ],
        "src-getch-master": "src-getch-master"
      },
      "locked": {
        "dir": "master",
        "lastModified": 1662254490,
        "narHash": "sha256-s0sfueH6zE4XCHZiOlu/zKNmQE1YBTA4mIfzKBqq+8E=",
        "owner": "nim-nix-pkgs",
        "repo": "getch",
        "rev": "35c88573a8e085ada4ec44c1a6bc3c07dd5d6e7a",
        "type": "github"
      },
      "original": {
        "dir": "master",
        "owner": "nim-nix-pkgs",
        "ref": "master",
        "repo": "getch",
        "type": "github"
      }
    },
    "nixpkgs": {
      "locked": {
        "lastModified": 1667110639,
        "narHash": "sha256-4FbPESZ5LbqQxkJJJBAfk/zKgF9h/4kyUwjjpJwYlbc=",
        "owner": "NixOS",
        "repo": "nixpkgs",
        "rev": "f38a1f04d1bec1feb61fd101a0539ae2002a7087",
        "type": "github"
      },
      "original": {
        "id": "nixpkgs",
        "type": "indirect"
      }
    },
    "root": {
      "inputs": {
        "flakeNimbleLib": "flakeNimbleLib",
        "getch-master": "getch-master",
        "nixpkgs": "nixpkgs"
      }
    },
    "src-getch-master": {
      "flake": false,
      "locked": {
        "lastModified": 1600370291,
        "narHash": "sha256-NBTrEsypzmyXPBG50AcUgqKzNLMaaXorJKxZMvPxP+I=",
        "owner": "6A",
        "repo": "getch",
        "rev": "1d9f68d07ac1b965bcd6ce49d09867aa2e7b062a",
        "type": "github"
      },
      "original": {
        "owner": "6A",
        "ref": "refs/heads/master",
        "repo": "getch",
        "type": "github"
      }
    }
  },
  "root": "root",
  "version": 7
}
