{
  "nodes": {
    "flakeNimbleLib": {
      "inputs": {
        "nixpkgs": [
          "nixpkgs"
        ]
      },
      "locked": {
        "lastModified": 1662018438,
        "narHash": "sha256-QtNtU6+LX3Wokxf0zlFwKTFOcn6TeDjKQZ+DA9OYtvM=",
        "owner": "riinr",
        "repo": "nim-flakes-lib",
        "rev": "b1fe8340736e3a85d25c709ac3dfd82a55c03cbf",
        "type": "github"
      },
      "original": {
        "owner": "riinr",
        "ref": "master",
        "repo": "nim-flakes-lib",
        "type": "github"
      }
    },
    "getch-master": {
      "inputs": {
        "flakeNimbleLib": [
          "flakeNimbleLib"
        ],
        "nixpkgs": [
          "nixpkgs"
        ],
        "src-getch-master": "src-getch-master"
      },
      "locked": {
        "dir": "master",
        "lastModified": 1667322299,
        "narHash": "sha256-mFwsKLMwqY2vYPi3PeRaK59L2l2UavJM94Gs9nZYfik=",
        "owner": "nim-nix-pkgs",
        "repo": "getch",
        "rev": "50177cdafd9db2b84356fe60e63c97d34a75309c",
        "type": "github"
      },
      "original": {
        "dir": "master",
        "owner": "nim-nix-pkgs",
        "ref": "master",
        "repo": "getch",
        "type": "github"
      }
    },
    "nixpkgs": {
      "locked": {
        "lastModified": 1667199707,
        "narHash": "sha256-I2Js3Y7gUyVSEXPULHlBoRek4Lh85vnevdS6mdvDNLI=",
        "owner": "NixOS",
        "repo": "nixpkgs",
        "rev": "ced197be72099edcfa68ebed8b87af7b04851f45",
        "type": "github"
      },
      "original": {
        "id": "nixpkgs",
        "type": "indirect"
      }
    },
    "root": {
      "inputs": {
        "flakeNimbleLib": "flakeNimbleLib",
        "getch-master": "getch-master",
        "nixpkgs": "nixpkgs"
      }
    },
    "src-getch-master": {
      "flake": false,
      "locked": {
        "lastModified": 1600370291,
        "narHash": "sha256-NBTrEsypzmyXPBG50AcUgqKzNLMaaXorJKxZMvPxP+I=",
        "owner": "6A",
        "repo": "getch",
        "rev": "1d9f68d07ac1b965bcd6ce49d09867aa2e7b062a",
        "type": "github"
      },
      "original": {
        "owner": "6A",
        "ref": "refs/heads/master",
        "repo": "getch",
        "type": "github"
      }
    }
  },
  "root": "root",
  "version": 7
}
